# This file is automatically @generated by Cargo.
# It is not intended for manual editing.
version = 4

[[package]]
name = "nx-ast"
version = "0.4.0"

[[package]]
name = "nx-codegen"
version = "0.4.0"
dependencies = [
 "nx-ast",
 "nx-ir",
 "nx-lexer",
 "nx-mem",
 "nx-parser",
 "nx-types",
]

[[package]]
name = "nx-driver"
version = "0.4.0"
dependencies = [
 "nx-ast",
 "nx-codegen",
 "nx-interp",
 "nx-ir",
 "nx-lexer",
 "nx-parser",
 "nx-types",
]

[[package]]
name = "nx-interp"
version = "0.4.0"
dependencies = [
 "nx-ast",
 "nx-ir",
 "nx-lexer",
 "nx-parser",
 "nx-types",
]

[[package]]
name = "nx-ir"
version = "0.4.0"
dependencies = [
 "nx-ast",
 "nx-lexer",
 "nx-parser",
]

[[package]]
name = "nx-lexer"
version = "0.4.0"

[[package]]
name = "nx-mem"
version = "0.4.0"
dependencies = [
 "nx-ast",
 "nx-parser",
 "nx-types",
]

[[package]]
name = "nx-parser"
version = "0.4.0"
dependencies = [
 "nx-ast",
 "nx-lexer",
]

[[package]]
name = "nx-types"
version = "0.4.0"
dependencies = [
 "nx-ast",
 "nx-lexer",
 "nx-parser",
]
