# This file is automatically @generated by Cargo.
# It is not intended for manual editing.
version = 4

[[package]]
name = "nx-ast"
version = "0.0.3"

[[package]]
name = "nx-driver"
version = "0.0.3"
dependencies = [
 "nx-ast",
 "nx-interp",
 "nx-lexer",
 "nx-parser",
]

[[package]]
name = "nx-interp"
version = "0.0.3"
dependencies = [
 "nx-ast",
 "nx-parser",
]

[[package]]
name = "nx-lexer"
version = "0.0.3"

[[package]]
name = "nx-parser"
version = "0.0.3"
dependencies = [
 "nx-ast",
 "nx-lexer",
]
